
Microsoft Visual Studio Solution File, Format Version 12.00
# Visual Studio Version 17
VisualStudioVersion = 17.5.002.0
MinimumVisualStudioVersion = 10.0.40219.1
Project("{9A19103F-16F7-4668-BE54-9A1E7A4F7556}") = "azure-search-function", "api\azure-search-function.csproj", "{3095FE2B-4C80-4453-A3D3-D03685F15C12}"
EndProject
Project("{9A19103F-16F7-4668-BE54-9A1E7A4F7556}") = "BulkInsert", "bulk-insert\BulkInsert.csproj", "{AF14676B-FCE6-4214-A93B-530E9DF8D0D0}"
EndProject
Global
	GlobalSection(SolutionConfigurationPlatforms) = preSolution
		Debug|Any CPU = Debug|Any CPU
		Release|Any CPU = Release|Any CPU
	EndGlobalSection
	GlobalSection(ProjectConfigurationPlatforms) = postSolution
		{3095FE2B-4C80-4453-A3D3-D03685F15C12}.Debug|Any CPU.ActiveCfg = Debug|Any CPU
		{3095FE2B-4C80-4453-A3D3-D03685F15C12}.Debug|Any CPU.Build.0 = Debug|Any CPU
		{3095FE2B-4C80-4453-A3D3-D03685F15C12}.Release|Any CPU.ActiveCfg = Release|Any CPU
		{3095FE2B-4C80-4453-A3D3-D03685F15C12}.Release|Any CPU.Build.0 = Release|Any CPU
		{AF14676B-FCE6-4214-A93B-530E9DF8D0D0}.Debug|Any CPU.ActiveCfg = Debug|Any CPU
		{AF14676B-FCE6-4214-A93B-530E9DF8D0D0}.Debug|Any CPU.Build.0 = Debug|Any CPU
		{AF14676B-FCE6-4214-A93B-530E9DF8D0D0}.Release|Any CPU.ActiveCfg = Release|Any CPU
		{AF14676B-FCE6-4214-A93B-530E9DF8D0D0}.Release|Any CPU.Build.0 = Release|Any CPU
	EndGlobalSection
	GlobalSection(SolutionProperties) = preSolution
		HideSolutionNode = FALSE
	EndGlobalSection
	GlobalSection(ExtensibilityGlobals) = postSolution
		SolutionGuid = {85A2F218-FABB-4E7C-AB24-5B574F9AA49F}
	EndGlobalSection
EndGlobal
